
Microsoft Visual Studio Solution File, Format Version 12.00
# Visual Studio 15
Project("{FAE04EC0-301F-11D3-BF4B-00C04F79EFBC}") = "UnityEngine.TestRunner", "UnityEngine.TestRunner.csproj", "{1035B111-EF83-3F9B-54A7-9F786919FEDB}"
EndProject
Project("{FAE04EC0-301F-11D3-BF4B-00C04F79EFBC}") = "Unity.VisualScripting.Flow", "Unity.VisualScripting.Flow.csproj", "{57566C8B-27B5-EB58-B1DA-3976CAD541EE}"
EndProject
Project("{FAE04EC0-301F-11D3-BF4B-00C04F79EFBC}") = "Unity.VisualScripting.State", "Unity.VisualScripting.State.csproj", "{79669DA2-2D39-CDED-6E76-1C6A70DF00F3}"
EndProject
Project("{FAE04EC0-301F-11D3-BF4B-00C04F79EFBC}") = "Unity.VisualScripting.Core", "Unity.VisualScripting.Core.csproj", "{195D288B-2C42-23C7-A308-30F67E9493AA}"
EndProject
Project("{FAE04EC0-301F-11D3-BF4B-00C04F79EFBC}") = "Assembly-CSharp", "Assembly-CSharp.csproj", "{9FE92BAA-10C0-AA69-744E-F822739A7E5A}"
EndProject
Project("{FAE04EC0-301F-11D3-BF4B-00C04F79EFBC}") = "Unity.TextMeshPro", "Unity.TextMeshPro.csproj", "{4D6987D4-6A6C-8BEC-36C5-AD7EEFA9AA2B}"
EndProject
Project("{FAE04EC0-301F-11D3-BF4B-00C04F79EFBC}") = "Unity.Timeline", "Unity.Timeline.csproj", "{05111072-A6AA-5C63-A199-6B9763FD4BA0}"
EndProject
Project("{FAE04EC0-301F-11D3-BF4B-00C04F79EFBC}") = "Unity.PlasticSCM.Editor", "Unity.PlasticSCM.Editor.csproj", "{F82519D7-F5AF-40A1-D90A-8FA7E18464F2}"
EndProject
Project("{FAE04EC0-301F-11D3-BF4B-00C04F79EFBC}") = "Unity.VisualScripting.Core.Editor", "Unity.VisualScripting.Core.Editor.csproj", "{85B99D9F-C7BD-17FD-D953-554D8790B9EF}"
EndProject
Project("{FAE04EC0-301F-11D3-BF4B-00C04F79EFBC}") = "Unity.VisualScripting.Flow.Editor", "Unity.VisualScripting.Flow.Editor.csproj", "{F9C4E70D-7BFD-FD56-811F-778046B32766}"
EndProject
Project("{FAE04EC0-301F-11D3-BF4B-00C04F79EFBC}") = "Unity.VisualStudio.Editor", "Unity.VisualStudio.Editor.csproj", "{7E5D359C-7180-CA8C-1B5E-05E461EC305B}"
EndProject
Project("{FAE04EC0-301F-11D3-BF4B-00C04F79EFBC}") = "Unity.Timeline.Editor", "Unity.Timeline.Editor.csproj", "{0D5B77BB-95B4-BCCE-2915-5F7A5F8FA55A}"
EndProject
Project("{FAE04EC0-301F-11D3-BF4B-00C04F79EFBC}") = "Unity.VisualScripting.State.Editor", "Unity.VisualScripting.State.Editor.csproj", "{55C12469-4849-EE1A-3994-DE77D17887A3}"
EndProject
Project("{FAE04EC0-301F-11D3-BF4B-00C04F79EFBC}") = "Unity.TextMeshPro.Editor", "Unity.TextMeshPro.Editor.csproj", "{8F984209-D3C0-02D1-65D7-831F57F9618B}"
EndProject
Project("{FAE04EC0-301F-11D3-BF4B-00C04F79EFBC}") = "Unity.VisualScripting.SettingsProvider.Editor", "Unity.VisualScripting.SettingsProvider.Editor.csproj", "{5A3A11F6-E2E7-E6F3-4282-F6EF443845DB}"
EndProject
Project("{FAE04EC0-301F-11D3-BF4B-00C04F79EFBC}") = "Unity.CollabProxy.Editor", "Unity.CollabProxy.Editor.csproj", "{B569E1D5-3AA6-B578-A7CD-DFD8960105D7}"
EndProject
Project("{FAE04EC0-301F-11D3-BF4B-00C04F79EFBC}") = "UnityEditor.TestRunner", "UnityEditor.TestRunner.csproj", "{7AB974E4-9FEF-ACC5-D30D-FEB55A458FF0}"
EndProject
Project("{FAE04EC0-301F-11D3-BF4B-00C04F79EFBC}") = "Unity.TestTools.CodeCoverage.Editor", "Unity.TestTools.CodeCoverage.Editor.csproj", "{4875BCC5-D7FC-7C76-4AB3-3D1A8CFF508D}"
EndProject
Project("{FAE04EC0-301F-11D3-BF4B-00C04F79EFBC}") = "Unity.Rider.Editor", "Unity.Rider.Editor.csproj", "{244DDE96-7D81-3B21-2E54-5034A4AC0AD3}"
EndProject
Project("{FAE04EC0-301F-11D3-BF4B-00C04F79EFBC}") = "Unity.Services.Core.Editor", "Unity.Services.Core.Editor.csproj", "{B4A997B3-9B84-DA1D-8904-12F2AF110466}"
EndProject
Project("{FAE04EC0-301F-11D3-BF4B-00C04F79EFBC}") = "Unity.Performance.Profile-Analyzer.Editor", "Unity.Performance.Profile-Analyzer.Editor.csproj", "{56DA7DD9-81C4-5CCF-208E-6C843519C4B8}"
EndProject
Project("{FAE04EC0-301F-11D3-BF4B-00C04F79EFBC}") = "Unity.VSCode.Editor", "Unity.VSCode.Editor.csproj", "{498D766D-93FF-0CBD-6619-41B74C755951}"
EndProject
Project("{FAE04EC0-301F-11D3-BF4B-00C04F79EFBC}") = "Unity.TestTools.CodeCoverage.Editor.OpenCover.Model", "Unity.TestTools.CodeCoverage.Editor.OpenCover.Model.csproj", "{3470222C-0550-A3EE-28E8-1DC6A2A5B9F0}"
EndProject
Project("{FAE04EC0-301F-11D3-BF4B-00C04F79EFBC}") = "Unity.EditorCoroutines.Editor", "Unity.EditorCoroutines.Editor.csproj", "{DC4ACF88-D1EE-8A18-CDBF-55F218E4F95A}"
EndProject
Project("{FAE04EC0-301F-11D3-BF4B-00C04F79EFBC}") = "Unity.Settings.Editor", "Unity.Settings.Editor.csproj", "{37D8DE80-CF3E-0DA0-2713-9F2F1B2A8682}"
EndProject
Project("{FAE04EC0-301F-11D3-BF4B-00C04F79EFBC}") = "Unity.TestTools.CodeCoverage.Editor.OpenCover.Mono.Reflection", "Unity.TestTools.CodeCoverage.Editor.OpenCover.Mono.Reflection.csproj", "{D72DF4BE-C7C4-4003-AC57-D1D53EFC1F74}"
EndProject
Project("{FAE04EC0-301F-11D3-BF4B-00C04F79EFBC}") = "Unity.VisualScripting.Shared.Editor", "Unity.VisualScripting.Shared.Editor.csproj", "{9F3774F7-BE1A-3A96-2ED5-B5134E80D090}"
EndProject
Global
	GlobalSection(SolutionConfigurationPlatforms) = preSolution
		Debug|Any CPU = Debug|Any CPU
		Release|Any CPU = Release|Any CPU
	EndGlobalSection
	GlobalSection(ProjectConfigurationPlatforms) = postSolution
		{1035B111-EF83-3F9B-54A7-9F786919FEDB}.Debug|Any CPU.ActiveCfg = Debug|Any CPU
		{1035B111-EF83-3F9B-54A7-9F786919FEDB}.Debug|Any CPU.Build.0 = Debug|Any CPU
		{1035B111-EF83-3F9B-54A7-9F786919FEDB}.Release|Any CPU.ActiveCfg = Release|Any CPU
		{1035B111-EF83-3F9B-54A7-9F786919FEDB}.Release|Any CPU.Build.0 = Release|Any CPU
		{57566C8B-27B5-EB58-B1DA-3976CAD541EE}.Debug|Any CPU.ActiveCfg = Debug|Any CPU
		{57566C8B-27B5-EB58-B1DA-3976CAD541EE}.Debug|Any CPU.Build.0 = Debug|Any CPU
		{57566C8B-27B5-EB58-B1DA-3976CAD541EE}.Release|Any CPU.ActiveCfg = Release|Any CPU
		{57566C8B-27B5-EB58-B1DA-3976CAD541EE}.Release|Any CPU.Build.0 = Release|Any CPU
		{79669DA2-2D39-CDED-6E76-1C6A70DF00F3}.Debug|Any CPU.ActiveCfg = Debug|Any CPU
		{79669DA2-2D39-CDED-6E76-1C6A70DF00F3}.Debug|Any CPU.Build.0 = Debug|Any CPU
		{79669DA2-2D39-CDED-6E76-1C6A70DF00F3}.Release|Any CPU.ActiveCfg = Release|Any CPU
		{79669DA2-2D39-CDED-6E76-1C6A70DF00F3}.Release|Any CPU.Build.0 = Release|Any CPU
		{195D288B-2C42-23C7-A308-30F67E9493AA}.Debug|Any CPU.ActiveCfg = Debug|Any CPU
		{195D288B-2C42-23C7-A308-30F67E9493AA}.Debug|Any CPU.Build.0 = Debug|Any CPU
		{195D288B-2C42-23C7-A308-30F67E9493AA}.Release|Any CPU.ActiveCfg = Release|Any CPU
		{195D288B-2C42-23C7-A308-30F67E9493AA}.Release|Any CPU.Build.0 = Release|Any CPU
		{9FE92BAA-10C0-AA69-744E-F822739A7E5A}.Debug|Any CPU.ActiveCfg = Debug|Any CPU
		{9FE92BAA-10C0-AA69-744E-F822739A7E5A}.Debug|Any CPU.Build.0 = Debug|Any CPU
		{9FE92BAA-10C0-AA69-744E-F822739A7E5A}.Release|Any CPU.ActiveCfg = Release|Any CPU
		{9FE92BAA-10C0-AA69-744E-F822739A7E5A}.Release|Any CPU.Build.0 = Release|Any CPU
		{4D6987D4-6A6C-8BEC-36C5-AD7EEFA9AA2B}.Debug|Any CPU.ActiveCfg = Debug|Any CPU
		{4D6987D4-6A6C-8BEC-36C5-AD7EEFA9AA2B}.Debug|Any CPU.Build.0 = Debug|Any CPU
		{4D6987D4-6A6C-8BEC-36C5-AD7EEFA9AA2B}.Release|Any CPU.ActiveCfg = Release|Any CPU
		{4D6987D4-6A6C-8BEC-36C5-AD7EEFA9AA2B}.Release|Any CPU.Build.0 = Release|Any CPU
		{05111072-A6AA-5C63-A199-6B9763FD4BA0}.Debug|Any CPU.ActiveCfg = Debug|Any CPU
		{05111072-A6AA-5C63-A199-6B9763FD4BA0}.Debug|Any CPU.Build.0 = Debug|Any CPU
		{05111072-A6AA-5C63-A199-6B9763FD4BA0}.Release|Any CPU.ActiveCfg = Release|Any CPU
		{05111072-A6AA-5C63-A199-6B9763FD4BA0}.Release|Any CPU.Build.0 = Release|Any CPU
		{F82519D7-F5AF-40A1-D90A-8FA7E18464F2}.Debug|Any CPU.ActiveCfg = Debug|Any CPU
		{F82519D7-F5AF-40A1-D90A-8FA7E18464F2}.Debug|Any CPU.Build.0 = Debug|Any CPU
		{F82519D7-F5AF-40A1-D90A-8FA7E18464F2}.Release|Any CPU.ActiveCfg = Release|Any CPU
		{F82519D7-F5AF-40A1-D90A-8FA7E18464F2}.Release|Any CPU.Build.0 = Release|Any CPU
		{85B99D9F-C7BD-17FD-D953-554D8790B9EF}.Debug|Any CPU.ActiveCfg = Debug|Any CPU
		{85B99D9F-C7BD-17FD-D953-554D8790B9EF}.Debug|Any CPU.Build.0 = Debug|Any CPU
		{85B99D9F-C7BD-17FD-D953-554D8790B9EF}.Release|Any CPU.ActiveCfg = Release|Any CPU
		{85B99D9F-C7BD-17FD-D953-554D8790B9EF}.Release|Any CPU.Build.0 = Release|Any CPU
		{F9C4E70D-7BFD-FD56-811F-778046B32766}.Debug|Any CPU.ActiveCfg = Debug|Any CPU
		{F9C4E70D-7BFD-FD56-811F-778046B32766}.Debug|Any CPU.Build.0 = Debug|Any CPU
		{F9C4E70D-7BFD-FD56-811F-778046B32766}.Release|Any CPU.ActiveCfg = Release|Any CPU
		{F9C4E70D-7BFD-FD56-811F-778046B32766}.Release|Any CPU.Build.0 = Release|Any CPU
		{7E5D359C-7180-CA8C-1B5E-05E461EC305B}.Debug|Any CPU.ActiveCfg = Debug|Any CPU
		{7E5D359C-7180-CA8C-1B5E-05E461EC305B}.Debug|Any CPU.Build.0 = Debug|Any CPU
		{7E5D359C-7180-CA8C-1B5E-05E461EC305B}.Release|Any CPU.ActiveCfg = Release|Any CPU
		{7E5D359C-7180-CA8C-1B5E-05E461EC305B}.Release|Any CPU.Build.0 = Release|Any CPU
		{0D5B77BB-95B4-BCCE-2915-5F7A5F8FA55A}.Debug|Any CPU.ActiveCfg = Debug|Any CPU
		{0D5B77BB-95B4-BCCE-2915-5F7A5F8FA55A}.Debug|Any CPU.Build.0 = Debug|Any CPU
		{0D5B77BB-95B4-BCCE-2915-5F7A5F8FA55A}.Release|Any CPU.ActiveCfg = Release|Any CPU
		{0D5B77BB-95B4-BCCE-2915-5F7A5F8FA55A}.Release|Any CPU.Build.0 = Release|Any CPU
		{55C12469-4849-EE1A-3994-DE77D17887A3}.Debug|Any CPU.ActiveCfg = Debug|Any CPU
		{55C12469-4849-EE1A-3994-DE77D17887A3}.Debug|Any CPU.Build.0 = Debug|Any CPU
		{55C12469-4849-EE1A-3994-DE77D17887A3}.Release|Any CPU.ActiveCfg = Release|Any CPU
		{55C12469-4849-EE1A-3994-DE77D17887A3}.Release|Any CPU.Build.0 = Release|Any CPU
		{8F984209-D3C0-02D1-65D7-831F57F9618B}.Debug|Any CPU.ActiveCfg = Debug|Any CPU
		{8F984209-D3C0-02D1-65D7-831F57F9618B}.Debug|Any CPU.Build.0 = Debug|Any CPU
		{8F984209-D3C0-02D1-65D7-831F57F9618B}.Release|Any CPU.ActiveCfg = Release|Any CPU
		{8F984209-D3C0-02D1-65D7-831F57F9618B}.Release|Any CPU.Build.0 = Release|Any CPU
		{5A3A11F6-E2E7-E6F3-4282-F6EF443845DB}.Debug|Any CPU.ActiveCfg = Debug|Any CPU
		{5A3A11F6-E2E7-E6F3-4282-F6EF443845DB}.Debug|Any CPU.Build.0 = Debug|Any CPU
		{5A3A11F6-E2E7-E6F3-4282-F6EF443845DB}.Release|Any CPU.ActiveCfg = Release|Any CPU
		{5A3A11F6-E2E7-E6F3-4282-F6EF443845DB}.Release|Any CPU.Build.0 = Release|Any CPU
		{B569E1D5-3AA6-B578-A7CD-DFD8960105D7}.Debug|Any CPU.ActiveCfg = Debug|Any CPU
		{B569E1D5-3AA6-B578-A7CD-DFD8960105D7}.Debug|Any CPU.Build.0 = Debug|Any CPU
		{B569E1D5-3AA6-B578-A7CD-DFD8960105D7}.Release|Any CPU.ActiveCfg = Release|Any CPU
		{B569E1D5-3AA6-B578-A7CD-DFD8960105D7}.Release|Any CPU.Build.0 = Release|Any CPU
		{7AB974E4-9FEF-ACC5-D30D-FEB55A458FF0}.Debug|Any CPU.ActiveCfg = Debug|Any CPU
		{7AB974E4-9FEF-ACC5-D30D-FEB55A458FF0}.Debug|Any CPU.Build.0 = Debug|Any CPU
		{7AB974E4-9FEF-ACC5-D30D-FEB55A458FF0}.Release|Any CPU.ActiveCfg = Release|Any CPU
		{7AB974E4-9FEF-ACC5-D30D-FEB55A458FF0}.Release|Any CPU.Build.0 = Release|Any CPU
		{4875BCC5-D7FC-7C76-4AB3-3D1A8CFF508D}.Debug|Any CPU.ActiveCfg = Debug|Any CPU
		{4875BCC5-D7FC-7C76-4AB3-3D1A8CFF508D}.Debug|Any CPU.Build.0 = Debug|Any CPU
		{4875BCC5-D7FC-7C76-4AB3-3D1A8CFF508D}.Release|Any CPU.ActiveCfg = Release|Any CPU
		{4875BCC5-D7FC-7C76-4AB3-3D1A8CFF508D}.Release|Any CPU.Build.0 = Release|Any CPU
		{244DDE96-7D81-3B21-2E54-5034A4AC0AD3}.Debug|Any CPU.ActiveCfg = Debug|Any CPU
		{244DDE96-7D81-3B21-2E54-5034A4AC0AD3}.Debug|Any CPU.Build.0 = Debug|Any CPU
		{244DDE96-7D81-3B21-2E54-5034A4AC0AD3}.Release|Any CPU.ActiveCfg = Release|Any CPU
		{244DDE96-7D81-3B21-2E54-5034A4AC0AD3}.Release|Any CPU.Build.0 = Release|Any CPU
		{B4A997B3-9B84-DA1D-8904-12F2AF110466}.Debug|Any CPU.ActiveCfg = Debug|Any CPU
		{B4A997B3-9B84-DA1D-8904-12F2AF110466}.Debug|Any CPU.Build.0 = Debug|Any CPU
		{B4A997B3-9B84-DA1D-8904-12F2AF110466}.Release|Any CPU.ActiveCfg = Release|Any CPU
		{B4A997B3-9B84-DA1D-8904-12F2AF110466}.Release|Any CPU.Build.0 = Release|Any CPU
		{56DA7DD9-81C4-5CCF-208E-6C843519C4B8}.Debug|Any CPU.ActiveCfg = Debug|Any CPU
		{56DA7DD9-81C4-5CCF-208E-6C843519C4B8}.Debug|Any CPU.Build.0 = Debug|Any CPU
		{56DA7DD9-81C4-5CCF-208E-6C843519C4B8}.Release|Any CPU.ActiveCfg = Release|Any CPU
		{56DA7DD9-81C4-5CCF-208E-6C843519C4B8}.Release|Any CPU.Build.0 = Release|Any CPU
		{498D766D-93FF-0CBD-6619-41B74C755951}.Debug|Any CPU.ActiveCfg = Debug|Any CPU
		{498D766D-93FF-0CBD-6619-41B74C755951}.Debug|Any CPU.Build.0 = Debug|Any CPU
		{498D766D-93FF-0CBD-6619-41B74C755951}.Release|Any CPU.ActiveCfg = Release|Any CPU
		{498D766D-93FF-0CBD-6619-41B74C755951}.Release|Any CPU.Build.0 = Release|Any CPU
		{3470222C-0550-A3EE-28E8-1DC6A2A5B9F0}.Debug|Any CPU.ActiveCfg = Debug|Any CPU
		{3470222C-0550-A3EE-28E8-1DC6A2A5B9F0}.Debug|Any CPU.Build.0 = Debug|Any CPU
		{3470222C-0550-A3EE-28E8-1DC6A2A5B9F0}.Release|Any CPU.ActiveCfg = Release|Any CPU
		{3470222C-0550-A3EE-28E8-1DC6A2A5B9F0}.Release|Any CPU.Build.0 = Release|Any CPU
		{DC4ACF88-D1EE-8A18-CDBF-55F218E4F95A}.Debug|Any CPU.ActiveCfg = Debug|Any CPU
		{DC4ACF88-D1EE-8A18-CDBF-55F218E4F95A}.Debug|Any CPU.Build.0 = Debug|Any CPU
		{DC4ACF88-D1EE-8A18-CDBF-55F218E4F95A}.Release|Any CPU.ActiveCfg = Release|Any CPU
		{DC4ACF88-D1EE-8A18-CDBF-55F218E4F95A}.Release|Any CPU.Build.0 = Release|Any CPU
		{37D8DE80-CF3E-0DA0-2713-9F2F1B2A8682}.Debug|Any CPU.ActiveCfg = Debug|Any CPU
		{37D8DE80-CF3E-0DA0-2713-9F2F1B2A8682}.Debug|Any CPU.Build.0 = Debug|Any CPU
		{37D8DE80-CF3E-0DA0-2713-9F2F1B2A8682}.Release|Any CPU.ActiveCfg = Release|Any CPU
		{37D8DE80-CF3E-0DA0-2713-9F2F1B2A8682}.Release|Any CPU.Build.0 = Release|Any CPU
		{D72DF4BE-C7C4-4003-AC57-D1D53EFC1F74}.Debug|Any CPU.ActiveCfg = Debug|Any CPU
		{D72DF4BE-C7C4-4003-AC57-D1D53EFC1F74}.Debug|Any CPU.Build.0 = Debug|Any CPU
		{D72DF4BE-C7C4-4003-AC57-D1D53EFC1F74}.Release|Any CPU.ActiveCfg = Release|Any CPU
		{D72DF4BE-C7C4-4003-AC57-D1D53EFC1F74}.Release|Any CPU.Build.0 = Release|Any CPU
		{9F3774F7-BE1A-3A96-2ED5-B5134E80D090}.Debug|Any CPU.ActiveCfg = Debug|Any CPU
		{9F3774F7-BE1A-3A96-2ED5-B5134E80D090}.Debug|Any CPU.Build.0 = Debug|Any CPU
		{9F3774F7-BE1A-3A96-2ED5-B5134E80D090}.Release|Any CPU.ActiveCfg = Release|Any CPU
		{9F3774F7-BE1A-3A96-2ED5-B5134E80D090}.Release|Any CPU.Build.0 = Release|Any CPU
	EndGlobalSection
	GlobalSection(SolutionProperties) = preSolution
		HideSolutionNode = FALSE
	EndGlobalSection
EndGlobal
