
Microsoft Visual Studio Solution File, Format Version 11.00
# Visual Studio 2010
Project("{FAE04EC0-301F-11D3-BF4B-00C04F79EFBC}") = "Zilliqa-Unity3D-SDK", "Assembly-CSharp.csproj", "{87290064-CB8A-2EA9-5CD1-06487A0342C0}"
EndProject
Global
	GlobalSection(SolutionConfigurationPlatforms) = preSolution
		Debug|Any CPU = Debug|Any CPU
		Release|Any CPU = Release|Any CPU
	EndGlobalSection
	GlobalSection(ProjectConfigurationPlatforms) = postSolution
		{87290064-CB8A-2EA9-5CD1-06487A0342C0}.Debug|Any CPU.ActiveCfg = Debug|Any CPU
		{87290064-CB8A-2EA9-5CD1-06487A0342C0}.Debug|Any CPU.Build.0 = Debug|Any CPU
		{87290064-CB8A-2EA9-5CD1-06487A0342C0}.Release|Any CPU.ActiveCfg = Release|Any CPU
		{87290064-CB8A-2EA9-5CD1-06487A0342C0}.Release|Any CPU.Build.0 = Release|Any CPU
	EndGlobalSection
	GlobalSection(SolutionProperties) = preSolution
		HideSolutionNode = FALSE
	EndGlobalSection
	GlobalSection(MonoDevelopProperties) = preSolution
		StartupItem = Assembly-CSharp.csproj
	EndGlobalSection
EndGlobal
